lockfileVersion: '9.0'

settings:
  autoInstallPeers: true
  excludeLinksFromLockfile: false

importers:

  .:
    dependencies:
      '@sableclient/twemoji-font':
        specifier: ^1.0.4
        version: 1.0.4
    devDependencies:
      '@biomejs/biome':
        specifier: 2.5.14
        version: 2.5.14
      '@rsbuild/core':
        specifier: ^2.2.7
        version: 2.2.7
      '@rsbuild/plugin-sass':
        specifier: ^2.0.1
        version: 2.0.1(@rsbuild/core@2.2.7)

packages:

  '@biomejs/biome@2.5.14':
    resolution: {integrity: sha512-0FabLIjd4M/dm8VFI86RMaLLdgepzbdfiAL2R8cr7V81OYYrP1w7Z73KfAwPK5h9SrEBXTzNG2y+mBwPo9xRnw==}
    engines: {node: '>=14.21.3'}
    hasBin: true

  '@biomejs/cli-darwin-arm64@2.5.14':
    resolution: {integrity: sha512-UnzaXO65L4tsZimFITFP2M121GyhDcWFrT3pL5ZJ5U4XcS/0L5VHYytVohdCf/gnDUFHgl2I9xnt5bV/J1kxHQ==}
    engines: {node: '>=14.21.3'}
    cpu: [arm64]
    os: [darwin]

  '@biomejs/cli-darwin-x64@2.5.14':
    resolution: {integrity: sha512-kiy8qA16K93J7uvFfWi4LgjqDpnRKyePAna6A0Y4jxyUga35SYpIZ2cNWlhy0lsfgqRenCpfymnJWEZ6mgpRgA==}
    engines: {node: '>=14.21.3'}
    cpu: [x64]
    os: [darwin]

  '@biomejs/cli-linux-arm64-musl@2.5.14':
    resolution: {integrity: sha512-SJ9PrZkBnnH9dHJDnxk34vKs0GB2dbsioaft6/hPhWJ7AHpwYH83Isnhj0FSRpFkGgpVfJ1lds23ApB2czUDLQ==}
    engines: {node: '>=14.21.3'}
    cpu: [arm64]
    os: [linux]
    libc: [musl]

  '@biomejs/cli-linux-arm64@2.5.14':
    resolution: {integrity: sha512-vO/9BaU1n30CiFNLx49gMTMtbCAAqlo/EqFoG0BU3deQInTbJrmXSmTQ9e3FoDZIKQnvSLDVNL4lx1ci7y1T1Q==}
    engines: {node: '>=14.21.3'}
    cpu: [arm64]
    os: [linux]
    libc: [glibc]

  '@biomejs/cli-linux-x64-musl@2.5.14':
    resolution: {integrity: sha512-2kI5PrMgW5dcEZYrstLPmUmCwkUwZY39rP4BN93Vxbwcs2O57LDQOktUZZYPvvspN5i0mhGr3TJtF5sU26NUWg==}
    engines: {node: '>=14.21.3'}
    cpu: [x64]
    os: [linux]
    libc: [musl]

  '@biomejs/cli-linux-x64@2.5.14':
    resolution: {integrity: sha512-VHZRa7CCQBUWKxNwUvHJeuW03WFRgN5NWO//SDGOitc9QIeNyfA42V9zlKm+x82xFSG9Bzi5fi+hbhm9anO8yA==}
    engines: {node: '>=14.21.3'}
    cpu: [x64]
    os: [linux]
    libc: [glibc]

  '@biomejs/cli-win32-arm64@2.5.14':
    resolution: {integrity: sha512-pHgAFffmZtaYoxavEsWEYNvcA7NwOIjLyqw2HXyLbt16xYryX0L4fMV2u0G9ag6LNYPIoqWaWqzUcnc6rLGGXg==}
    engines: {node: '>=14.21.3'}
    cpu: [arm64]
    os: [win32]

  '@biomejs/cli-win32-x64@2.5.14':
    resolution: {integrity: sha512-oJWmBhoHsnhUKIke+0gXDX0mltJrWHA1UyHsrTlXwX0TL64ilVZAo+TYZm97baecV0esBdpzy3k96q+09JaZUQ==}
    engines: {node: '>=14.21.3'}
    cpu: [x64]
    os: [win32]

  '@bufbuild/protobuf@2.15.0':
    resolution: {integrity: sha512-DAheWUkVr/SJTWCc+lg9dhY0eN4SaWlf4+bG1KzHeXbnqt0AfB/NX0Z+VunGlM1ki1B4zVvye27MpKh/svySUA==}

  '@emnapi/core@1.11.3':
    resolution: {integrity: sha512-zLpS5asjEb7lq8jYLq37N6XKaE41DIexlY1rF/z4/tIl3wo13Sqm28fRyfIsKZD+NZ8mM5RoKkpW/rBcuoSZSg==}

  '@emnapi/runtime@1.11.3':
    resolution: {integrity: sha512-Xz4Tpyki7XyrpbUK1jR1AhdAdaXyhhY4lZ3neLodmhpuWfy2PAQN5B46sAiU4liOXGLkHypn/qU+jvfWSCYYLA==}

  '@emnapi/wasi-threads@1.2.3':
    resolution: {integrity: sha512-ELEBe8PsLvvJ6QMr0zLt8ffvOHW/dc1m3CEzNMg7aJUv3bMaoDtw2TXyDAwkYBuroxxuHEwhRTLJSe5sya547g==}

  '@napi-rs/wasm-runtime@1.1.6':
    resolution: {integrity: sha512-ZLv/JdUfkvOy9eCnnBaGfiO+XimbjebAeO+MRQqD/B+FR1tnRN0tpKSJHRbE8sFfS6aqsXZ67TQjfwfsxULVbg==}
    peerDependencies:
      '@emnapi/core': ^1.7.1
      '@emnapi/runtime': ^1.7.1

  '@parcel/watcher-android-arm64@2.6.0':
    resolution: {integrity: sha512-trgpLSCKRC/huFjXX/Smh+0sWe4+YtKfktIToiMl59ghz7z+qkH6kMvNnUbLyRs9N11t8l4svSCs1+5B3rOAhA==}
    engines: {node: '>= 10.0.0'}
    cpu: [arm64]
    os: [android]

  '@parcel/watcher-darwin-arm64@2.6.0':
    resolution: {integrity: sha512-Y3QV0gl7Q1zbfueunkWIERICbEojQFCgpyG7YqOGNFLsckXyI1xu9mAIUpKY9QBYzBtSkN8dBPwd3yiAO9ovMw==}
    engines: {node: '>= 10.0.0'}
    cpu: [arm64]
    os: [darwin]

  '@parcel/watcher-darwin-x64@2.6.0':
    resolution: {integrity: sha512-Ohv6OpzhUfKYD7Beb8kDvG0jbIxORCYY1JRdZnaBtnjjkJxgD7ZVL0nw2sCYd0yTMKTvz3nnTnOF3cDifK+kvw==}
    engines: {node: '>= 10.0.0'}
    cpu: [x64]
    os: [darwin]

  '@parcel/watcher-freebsd-x64@2.6.0':
    resolution: {integrity: sha512-5HmXvDgs8VK+74jF9y9/2FE3/OnlcKmc56tjmSrEuZjpSZOGL+fvAu+HKJBdPs9uwoP2hE6TlSUpXZ/C5jUFmQ==}
    engines: {node: '>= 10.0.0'}
    cpu: [x64]
    os: [freebsd]

  '@parcel/watcher-linux-arm-glibc@2.6.0':
    resolution: {integrity: sha512-Ps/hui3A+vMbjdqlqAowK2ZL8+BO8dBjxeWXj6npTBs3jx4wWmbPpaLuqwrQrSqIVMCnpWo238bJ1U37GhQOYg==}
    engines: {node: '>= 10.0.0'}
    cpu: [arm]
    os: [linux]
    libc: [glibc]

  '@parcel/watcher-linux-arm-musl@2.6.0':
    resolution: {integrity: sha512-9c6AUHgHoG+IY88MRIHupztQiQnrbqHYQjkM2btA+Bf/wQnQMuiD0Wfk1EVv3TlNT3x41uU71rn6E4xh/+zvkw==}
    engines: {node: '>= 10.0.0'}
    cpu: [arm]
    os: [linux]
    libc: [musl]

  '@parcel/watcher-linux-arm64-glibc@2.6.0':
    resolution: {integrity: sha512-yHRqS2owEXe6Hic9z6Mh1ECsCd+ODVOGvZDyciqRd21+v+o+DnXMOrw50DSpIG2sb8GPEaPPmfeCAWKPJdq46g==}
    engines: {node: '>= 10.0.0'}
    cpu: [arm64]
    os: [linux]
    libc: [glibc]

  '@parcel/watcher-linux-arm64-musl@2.6.0':
    resolution: {integrity: sha512-WhB2e/V7rqdHHWZusBSPuy5Ei8S6lSz6FE5TKKQz5h3a0O+C+mhY7vxU9b/stqvMb8beLnPY82ZrFTLKs+SrKA==}
    engines: {node: '>= 10.0.0'}
    cpu: [arm64]
    os: [linux]
    libc: [musl]

  '@parcel/watcher-linux-x64-glibc@2.6.0':
    resolution: {integrity: sha512-ulGE6x6Oz6iAwg75T8YQSoguBWasniIbX+QWpaYPcCnDOpdWX3k+4xbEYPZVLxOuoJI+svJJPD3sEj8G7lrQ3A==}
    engines: {node: '>= 10.0.0'}
    cpu: [x64]
    os: [linux]
    libc: [glibc]

  '@parcel/watcher-linux-x64-musl@2.6.0':
    resolution: {integrity: sha512-tkBYKt7YQrjIJWYDnto2YgO8MRkjlMTSNoRHzsXinBqbLdeOM3L32wPZJvIZxqaLMfSlS/4sUjH/6STVP/XDLw==}
    engines: {node: '>= 10.0.0'}
    cpu: [x64]
    os: [linux]
    libc: [musl]

  '@parcel/watcher-win32-arm64@2.6.0':
    resolution: {integrity: sha512-gIZAP23jaHjGWasY/TY6yL7NHFClf0Ga7FN+iINvk+KN94rhm94lYZhFsbYFNcA04/onvGD9kKmiJLJB2HbNwQ==}
    engines: {node: '>= 10.0.0'}
    cpu: [arm64]
    os: [win32]

  '@parcel/watcher-win32-x64@2.6.0':
    resolution: {integrity: sha512-cA+/pXV2YkfxlIcXOQ5fSWqAzzPyD78/x5qbK/I0vUkrlYHA8TIz+MXjAbGouguKVSI4bOmkTSJ1/poVSsgt+A==}
    engines: {node: '>= 10.0.0'}
    cpu: [x64]
    os: [win32]

  '@parcel/watcher@2.6.0':
    resolution: {integrity: sha512-7FNeNl8NCE7aINx7WXiKQrPYZWC/hvrTsmk6zmxbI7LTXE7hVek/n8AfVgpe2y82zl3w0HvCHN0bVKMBoJcC0w==}
    engines: {node: '>= 10.0.0'}

  '@rsbuild/core@2.2.7':
    resolution: {integrity: sha512-IpTTwPZVtUBh17/uvxYIuIxNhS8BYgqYXszlXTQ95itGAVwsIitnGJRftwEuDeLqU8aONey6euaz/jno83YAKw==}
    engines: {node: ^20.19.0 || >=22.12.0}
    hasBin: true
    peerDependencies:
      core-js: '>= 3.0.0'
    peerDependenciesMeta:
      core-js:
        optional: true

  '@rsbuild/plugin-sass@2.0.1':
    resolution: {integrity: sha512-BZRpVTZW+za+sv84nYYdIjR7XwVqyS8+1wAha/7BvQ1igdzlmT6xPd6h4jTWfNzdHuzIHZsuWY7kPS/ybzcndA==}
    peerDependencies:
      '@rsbuild/core': ^2.0.0
    peerDependenciesMeta:
      '@rsbuild/core':
        optional: true

  '@rspack/binding-darwin-arm64@2.2.6':
    resolution: {integrity: sha512-y8I8MAeKAOYuLqEKYQSmNFcW4dI1u5O+xYQcjT1L3Gby02KEt0YxlmSPvzElSQJUjsJ8PkKqU3U1suDjA6xvkg==}
    cpu: [arm64]
    os: [darwin]

  '@rspack/binding-darwin-x64@2.2.6':
    resolution: {integrity: sha512-+zhtUAP+nZON1lSlqOFJWW2VpIXRZ4/NQskYe0xohELI4Fr6xun/Oh8dIMt+Nviamvo7lbO9XURrFio1+Fziog==}
    cpu: [x64]
    os: [darwin]

  '@rspack/binding-linux-arm64-gnu@2.2.6':
    resolution: {integrity: sha512-7GI9xlkzVMAp9dbNvynvAreMjQQNw01b+khYYfmoQOgWXTUwrtzR7/JhJ3tijVQTXkyiYAKJ0RPvz57yD+p1vQ==}
    cpu: [arm64]
    os: [linux]
    libc: [glibc]

  '@rspack/binding-linux-arm64-musl@2.2.6':
    resolution: {integrity: sha512-klkjpGdeROzRiGSk2amfeZBAh0vWu0GjX5xKKQfRR4IqKQxURGCQafbvl3VX5XrHEUnKFzag89Lyv+ZVx5eTCw==}
    cpu: [arm64]
    os: [linux]
    libc: [musl]

  '@rspack/binding-linux-ppc64-gnu@2.2.6':
    resolution: {integrity: sha512-TpLZr49oU31EuEqVDczpbfLZ6c976zu8HspBuUWYj1Ra4SNeOHhINKE1i42OVw2DCEMpsz8Tv3tYyLVACGC8JA==}
    cpu: [ppc64]
    os: [linux]
    libc: [glibc]

  '@rspack/binding-linux-riscv64-gnu@2.2.6':
    resolution: {integrity: sha512-gU3Ki8Lt6cE4qRM62959/28GG3XQUZsnvstgDULJpkHR5QFGYXUhOoPe2fpyWYrLw6+t9lWXBuI/gUez1zc8Sg==}
    cpu: [riscv64]
    os: [linux]
    libc: [glibc]

  '@rspack/binding-linux-riscv64-musl@2.2.6':
    resolution: {integrity: sha512-OQRvU8HT9rGmtgdpieO722IrGViDlR0D6yjqbt7S51b+saBPwJ8Nf3fwMtpZnBo1djV2BGXK00L34jYypeChrw==}
    cpu: [riscv64]
    os: [linux]
    libc: [musl]

  '@rspack/binding-linux-s390x-gnu@2.2.6':
    resolution: {integrity: sha512-pus4Z76+J1iRO5Gutc6pq1LkyVhXqi0Sw6o5Dxwtl3sSbVy+F5PJkxtAT+DEg07pQy5m3dCymz2CIpiFlwYLTQ==}
    cpu: [s390x]
    os: [linux]
    libc: [glibc]

  '@rspack/binding-linux-x64-gnu@2.2.6':
    resolution: {integrity: sha512-M0Efi9ny2cJ6VdhHxsZbcwdRCQ0HqBAsnPxPB8Ulknj+VtRlWnTlX/DlqMaHFuCb0MOWS6DXGGEAZ8veEil0BA==}
    cpu: [x64]
    os: [linux]
    libc: [glibc]

  '@rspack/binding-linux-x64-musl@2.2.6':
    resolution: {integrity: sha512-614vRMr6VAqUXQm9TY7FCamcB08XJOv51WAwIlfEpoKTYxzNiQvrTYBYPgStUH20ywLwVoN6EJ++WCmHaebGWw==}
    cpu: [x64]
    os: [linux]
    libc: [musl]

  '@rspack/binding-wasm32-wasi@2.2.6':
    resolution: {integrity: sha512-p995VmOEcHWPKw/Eek0CYUjmXWhfyWOPoKtE51Dy0/jqHcs7uRy53igDd277yHTuKCHibmwU+cjSKUe6b/aBZg==}
    cpu: [wasm32]

  '@rspack/binding-win32-arm64-msvc@2.2.6':
    resolution: {integrity: sha512-xC8nHMqVzQWqVW95HOcf9qTsM445ui7QNfUTDui6oTiHcBtsyfK1CEdXsc50bdi/FrJ2ueOps3M5gxbM8Ttl/A==}
    cpu: [arm64]
    os: [win32]

  '@rspack/binding-win32-ia32-msvc@2.2.6':
    resolution: {integrity: sha512-sfqP/LSnMwAHpTA+Cfbkhvx/IvUr23Z7S+miOkaMT/j2XJYCBrPZK0ZYm8+LUNDQ2ij8/XCJT4pVpQbtc/SMPw==}
    cpu: [ia32]
    os: [win32]

  '@rspack/binding-win32-x64-msvc@2.2.6':
    resolution: {integrity: sha512-b1ERY5QydZWJKA13AYsoMPZycG5AGoUc3sOMqLszO0gs84aMnLbK7lBiyeZCvEcHEa7gSFQlLQr9p+Xk7HPO4Q==}
    cpu: [x64]
    os: [win32]

  '@rspack/binding@2.2.6':
    resolution: {integrity: sha512-bCB4a7KKaQpPNlkExf27AmLJabeGjpjXlhnCdvmSIHHlT3YfpYz2CSKOLLLI/BcBez8zUBNDVmvswm3ggCCRqA==}

  '@rspack/core@2.2.6':
    resolution: {integrity: sha512-sqN75Fgf6v3tCmt8GAG/rdcYHOUDv/YZbQf24YCGDoMLmdNlXCosCHkBYWI8qdLs9IqSnGt7XgbcA39Zilg6UQ==}
    engines: {node: ^20.19.0 || >=22.12.0}
    peerDependencies:
      '@module-federation/runtime-tools': ^0.24.1 || ^2.0.0
      '@swc/helpers': ^0.5.23
    peerDependenciesMeta:
      '@module-federation/runtime-tools':
        optional: true
      '@swc/helpers':
        optional: true

  '@sableclient/twemoji-font@1.0.4':
    resolution: {integrity: sha512-LzvQB/VZtv5KEq1VYq2azr7v7cYT8oklOVRGkAN2RNwa3sF0XcnqM3lBHSYRFXQleGLSUgs3gA0slbwkD2+sJw==}

  '@swc/helpers@0.5.23':
    resolution: {integrity: sha512-5lSsMOTXURePglDfvuAQUqkGek9Hg2kksOYay2m0+XR++b2NWYL/4sWyuvVBIs8oKnJaxkdi9whaL/sqN13afw==}

  '@tybys/wasm-util@0.10.4':
    resolution: {integrity: sha512-W3c4gRigFS0T/Ma4qIYF3GDAc5AQdHb1yL5znJT1Zv1YaD9Kitx656wBjvr19qbiosmZT8lWDM5BEMynUqX65A==}

  big.js@5.2.2:
    resolution: {integrity: sha512-vyL2OymJxmarO8gxMr0mhChsO9QGwhynfuu4+MHTAW6czfq9humCB7rKpUjDd9YUiDPU4mzpyupFSvOClAwbmQ==}

  chokidar@5.0.0:
    resolution: {integrity: sha512-TQMmc3w+5AxjpL8iIiwebF73dRDF4fBIieAqGn9RGCWaEVwQ6Fb2cGe31Yns0RRIzii5goJ1Y7xbMwo1TxMplw==}
    engines: {node: '>= 20.19.0'}

  colorjs.io@0.7.1:
    resolution: {integrity: sha512-LY7OHnJZxHwT5UlzNa9bbhHHDbzB6yE5+3MIPwJEQKRvSCt/T4G7epsj+9j2BExUIIfXFIJGsIXUKdfrK9Q5tA==}

  deepmerge@4.3.1:
    resolution: {integrity: sha512-3sUqbMEc77XqpdNO7FRyRog+eW3ph+GYCbj+rK+uYyRMuwsVy0rMiVtPn+QJlKFvWP/1PYpapqYn0Me2knFn+A==}
    engines: {node: '>=0.10.0'}

  detect-libc@2.1.2:
    resolution: {integrity: sha512-Btj2BOOO83o3WyH59e8MgXsxEQVcarkUOpEYrubB0urwnN10yQ364rsiByU11nZlqWYZm05i/of7io4mzihBtQ==}
    engines: {node: '>=8'}

  emojis-list@3.0.0:
    resolution: {integrity: sha512-/kyM18EfinwXZbno9FyUGeFh87KC8HRQBQGildHZbEuRyWFOmv1U10o9BBp8XVZDVNNuQKyIGIu5ZYAAXJ0V2Q==}
    engines: {node: '>= 4'}

  has-flag@4.0.0:
    resolution: {integrity: sha512-EykJT/Q1KjTWctppgIAgfSO0tKVuZUjhgMr17kqTumMl6Afv3EISleU7qZUzoXDFTAHTDC4NOoG/ZxU3EvlMPQ==}
    engines: {node: '>=8'}

  immutable@5.1.9:
    resolution: {integrity: sha512-m8nVez3rwrgmWxtLMt1ZYXB2Lv7OKYn/disyxAlSDYAlKSlFoPPfIAmAM/M5xqL4m4C/wAPw7S2/CNaUii1Hxg==}

  is-extglob@2.1.1:
    resolution: {integrity: sha512-SbKbANkN603Vi4jEZv49LeVJMn4yGwsbzZworEoyEiutsN3nJYdbO36zfhGJ6QEDpOZIFkDtnq5JRxmvl3jsoQ==}
    engines: {node: '>=0.10.0'}

  is-glob@4.0.3:
    resolution: {integrity: sha512-xelSayHH36ZgE7ZWhli7pW34hNbNl8Ojv5KVmkJD4hBdD3th8Tfk9vYasLM+mXWOZhFkgZfxhLSnrwRr4elSSg==}
    engines: {node: '>=0.10.0'}

  json5@2.2.3:
    resolution: {integrity: sha512-XmOWe7eyHYH14cLdVPoyg+GOH3rYX++KpzrylJwSW98t3Nk+U8XOl8FWKOgwtzdb8lXGf6zYwDUzeHMWfxasyg==}
    engines: {node: '>=6'}
    hasBin: true

  loader-utils@2.0.4:
    resolution: {integrity: sha512-xXqpXoINfFhgua9xiqD8fPFHgkoq1mmmpE92WlDbm9rNRd/EbRb+Gqf908T2DMfuHjjJlksiK2RbHVOdD/MqSw==}
    engines: {node: '>=8.9.0'}

  nanoid@3.3.19:
    resolution: {integrity: sha512-Y2tUNy4ouw6tq5oDSKeQYGOyhkUBhNOcGV/02KC+6kd9eDGqdZd++mjMiIDilrBYvjEnCYvVtsuHCuP+okSfug==}
    engines: {node: ^10 || ^12 || ^13.7 || ^14 || >=15.0.1}
    hasBin: true

  node-addon-api@7.1.1:
    resolution: {integrity: sha512-5m3bsyrjFWE1xf7nz7YXdN4udnVtXK6/Yfgn5qnahL6bCkf2yKt4k3nuTKAtT4r3IG8JNR2ncsIMdZuAzJjHQQ==}

  picocolors@1.1.1:
    resolution: {integrity: sha512-xceH2snhtb5M9liqDsmEw56le376mTZkEX/jEb/RxNFyegNul7eNslCXP9FDj/Lcu0X8KEyMceP2ntpaHrDEVA==}

  picomatch@4.0.7:
    resolution: {integrity: sha512-qcJu88Q2IWqJsDD529JKMdwGm/dvInW4HvQnRwiH9JtihJvzGOscDtHE3x1pBKeUOTysQ8kVmLnJ2kJu7yhcGA==}
    engines: {node: '>=12'}

  postcss@8.5.28:
    resolution: {integrity: sha512-RRuzqDtt5Y9h3quz5hWhK+TPnsmVs6WwSU6LkJMeY4HstUEDuYTG8UJSdawMRzmzAtV+KEoG8N3Qg2qLy5vM/A==}
    engines: {node: ^10 || ^12 || >=14}

  readdirp@5.1.1:
    resolution: {integrity: sha512-Kko+Y5XQ6fM+Ce3dq3m9YGxnacYZYl9cA1wZjaF3Vbry2L3i1qVg8+CAgNPsXRArPMUMCaOR7oa9Nqntc43JKA==}
    engines: {node: '>= 20.19.0'}

  reduce-configs@2.0.1:
    resolution: {integrity: sha512-H9KTCWTEb1YM1OoOz0f6TeGZYlW82sIT1viNg3W8CjjY0pD3WI4MHs8GifKt5FKTVIfHh/DenfJqqY+FP9jF2A==}

  rxjs@7.8.2:
    resolution: {integrity: sha512-dhKf903U/PQZY6boNNtAGdWbG85WAbjT/1xYoZIC7FAY0yWapOBQVsVrDl58W86//e1VpMNBtRV4MaXfdMySFA==}

  sass-embedded-all-unknown@1.104.1:
    resolution: {integrity: sha512-toyMCyUKkT6DsYlHuKZGjd8T6WltaW4TGX07F7HnF4tNJM5m/8VaVsd74zrq3QSPqGE9JjxIDK4NrNc/QY9pkA==}
    cpu: ['!arm', '!arm64', '!riscv64', '!x64']

  sass-embedded-android-arm64@1.104.1:
    resolution: {integrity: sha512-yW3BVW4YFpN2vu2cVQ+Pz5JrRTvoIz36aCdo+J/Mo1A9gEN8eVPV/AL7aeZ803YdKgIitd3qw3pY4wpmT6TXNg==}
    engines: {node: '>=14.0.0'}
    cpu: [arm64]
    os: [android]

  sass-embedded-android-arm@1.104.1:
    resolution: {integrity: sha512-g/XPAJYAzSSQZFP4xCdGD0HLKB4mf24cJ/+5Nls8rMool3jNkBv9+AFO4EV0b+RxN8rLcEsMccH1CR64yIFYcQ==}
    engines: {node: '>=14.0.0'}
    cpu: [arm]
    os: [android]

  sass-embedded-android-riscv64@1.104.1:
    resolution: {integrity: sha512-ZYY8oMKQS7Q/6FBoC8w3T16O3MucDe3xv8iKym41Nht5uvLCGGpm4fC4OF5nlv7wQkJv8oactYddGG3Wd0Rqkg==}
    engines: {node: '>=14.0.0'}
    cpu: [riscv64]
    os: [android]

  sass-embedded-android-x64@1.104.1:
    resolution: {integrity: sha512-5WZKC4lSfjMIjzZdQUlYQUAV+UiatBhD8w28U7cYLLj4/dMgEPOBd4g3VMv0BwpgH2JOaycMS42dXq29W2bcDg==}
    engines: {node: '>=14.0.0'}
    cpu: [x64]
    os: [android]

  sass-embedded-darwin-arm64@1.104.1:
    resolution: {integrity: sha512-oatuHzn0NsEg0d9Dcze6CuWUPvuETtMxRK4cv0eRAg7p6R0vHnv5GZRyWG6gEy3nc/ha/L+GtTasWVU82f4jrQ==}
    engines: {node: '>=14.0.0'}
    cpu: [arm64]
    os: [darwin]

  sass-embedded-darwin-x64@1.104.1:
    resolution: {integrity: sha512-gql/5sHGzUTVwuHfM3QLCDeb6NYwen+LLj22gz81C2NKHF/4nUtDyh4N+fURWdT7J0/EhtMOd0+FLML3sGNP7g==}
    engines: {node: '>=14.0.0'}
    cpu: [x64]
    os: [darwin]

  sass-embedded-linux-arm64@1.104.1:
    resolution: {integrity: sha512-sVWUKXNTu8sP3X95Df0xo/t49Ce5IseTIMqXHxhFBKVmx7gf7kBWNLK0wH5ym+4khc+B5nNJPgq4IxpelG8tMQ==}
    engines: {node: '>=14.0.0'}
    cpu: [arm64]
    os: [linux]
    libc: glibc

  sass-embedded-linux-arm@1.104.1:
    resolution: {integrity: sha512-WfmshPJOp9vUKxgp8wZ2ncaKBbyrlW9J51M2aUQHWECjMNxTULnGOHWSmD7FViXv4zwn1Co5FIFQUipW7RCxtA==}
    engines: {node: '>=14.0.0'}
    cpu: [arm]
    os: [linux]
    libc: glibc

  sass-embedded-linux-musl-arm64@1.104.1:
    resolution: {integrity: sha512-H7b+LzZ/w8pwNExInM8HDHraqvxCMdUc5ZRGU/aSJJhZ9HjeRKBjF3GxaisVHnx7o18j1l4VQ5cLBL9tTmNzZw==}
    engines: {node: '>=14.0.0'}
    cpu: [arm64]
    os: [linux]
    libc: musl

  sass-embedded-linux-musl-arm@1.104.1:
    resolution: {integrity: sha512-k0cQ/CxBzFVYiQEObg6CpF6CUglkdEhi/DZgZXQbwC27kbGGY+fatmIs/cFPJL2z1ulACwoAr86RQUFzYvw5eg==}
    engines: {node: '>=14.0.0'}
    cpu: [arm]
    os: [linux]
    libc: musl

  sass-embedded-linux-musl-riscv64@1.104.1:
    resolution: {integrity: sha512-9DYdn4wfrkidjxJVtEd2iCx8HKdZe+uF82GDmrYEZhgu4NjVE6a4fQyW7OLwzn3erZMHKBaObBOH1d37DnXI1A==}
    engines: {node: '>=14.0.0'}
    cpu: [riscv64]
    os: [linux]
    libc: musl

  sass-embedded-linux-musl-x64@1.104.1:
    resolution: {integrity: sha512-5xz+nAr01b6yaRdrGVgE7lNvm1lGFjwNdUvnz+teidvHCbD5oTcbhrRVrnDoLHHvq5n3Jve9TzWaaHhezaEfHA==}
    engines: {node: '>=14.0.0'}
    cpu: [x64]
    os: [linux]
    libc: musl

  sass-embedded-linux-riscv64@1.104.1:
    resolution: {integrity: sha512-oWryPJWTXK5adtlz/FD7wd2kS4I0CEgp6mWLUVb4oMFURMLz9bA9fO87D7lc4SV++lds7T51PU1kykCbOvNHMg==}
    engines: {node: '>=14.0.0'}
    cpu: [riscv64]
    os: [linux]
    libc: glibc

  sass-embedded-linux-x64@1.104.1:
    resolution: {integrity: sha512-j/sX/yKTx/wJKepC5/ISlR6kPeSuHKThf76D2za5i2VnbHg0MN19jQq3WMorowR3kRghqt6azs3awogG+e7IRA==}
    engines: {node: '>=14.0.0'}
    cpu: [x64]
    os: [linux]
    libc: glibc

  sass-embedded-unknown-all@1.104.1:
    resolution: {integrity: sha512-RaMsYZB5mRioL4qhoI7T5mmNb2OunakbPTJW2cuu3MeIULnGoxo7Wd5QKFxeQvF7sSQL57RuaQ+q9pH+/pQ9Fg==}
    os: ['!android', '!darwin', '!linux', '!win32']

  sass-embedded-win32-arm64@1.104.1:
    resolution: {integrity: sha512-fS6DL7lcnTPclqGLF4xRt8egZlFY9cU23d57ufbWqaUbCFu9JTu0+8qB4jMxfx1la6byi3GoSTfbnNOLfWv8sw==}
    engines: {node: '>=14.0.0'}
    cpu: [arm64]
    os: [win32]

  sass-embedded-win32-x64@1.104.1:
    resolution: {integrity: sha512-/c4N2A93Ckms6DuRFVftKYISuI1tyC8gmlVJ8WaWFzgCBN/Swq2rARJIBUNeuxlmxjmYXfd3+2f/u887K63wbA==}
    engines: {node: '>=14.0.0'}
    cpu: [x64]
    os: [win32]

  sass-embedded@1.104.1:
    resolution: {integrity: sha512-7LxbtPJ1MWKVbhzOnGx1sHTkHTcHVJ9hbgVsU29p/8gY1VeXt19fcJFr5xsx2f6zfrrR3FeOcYMt0uYDLAxpgw==}
    engines: {node: '>=20.19.0'}
    hasBin: true

  sass@1.104.1:
    resolution: {integrity: sha512-yDA+1aIG3EHgN4V/BvuhCvu61FF6hEd4e+9DxikUm9U0CAGuvdIZ/UYy7qbOxjhbbWQraoyLlMuzdRGOSV5Bmw==}
    engines: {node: '>=20.19.0'}
    hasBin: true

  source-map-js@1.2.1:
    resolution: {integrity: sha512-UXWMKhLOwVKb728IUtQPXxfYU+usdybtUrK/8uGE8CQMvrhOpwvzDBwj0QhSL7MQc7vIsISBG8VQ8+IDQxpfQA==}
    engines: {node: '>=0.10.0'}

  supports-color@8.1.1:
    resolution: {integrity: sha512-MpUEN2OodtUzxvKQl72cUF7RQ5EiHsGvSsVG0ia9c5RbWGL2CI4C7EpPS8UTBIplnlzZiNuV56w+FuNxy3ty2Q==}
    engines: {node: '>=10'}

  sync-child-process@1.0.2:
    resolution: {integrity: sha512-8lD+t2KrrScJ/7KXCSyfhT3/hRq78rC0wBFqNJXv3mZyn6hW2ypM05JmlSvtqRbeq6jqA94oHbxAr2vYsJ8vDA==}
    engines: {node: '>=16.0.0'}

  sync-message-port@1.2.0:
    resolution: {integrity: sha512-gAQ9qrUN/UCypHtGFbbe7Rc/f9bzO88IwrG8TDo/aMKAApKyD6E3W4Cm0EfhfBb6Z6SKt59tTCTfD+n1xmAvMg==}
    engines: {node: '>=16.0.0'}

  tslib@2.8.1:
    resolution: {integrity: sha512-oJFu94HQb+KVduSUQL7wnpmqnfmLsOA/nAh6b6EH0wCEoK0/mPeXU6c3wKDV83MkOuHPRHtSXKKU99IBazS/2w==}

  varint@6.0.0:
    resolution: {integrity: sha512-cXEIW6cfr15lFv563k4GuVuW/fiwjknytD37jIOLSdSWuOI6WnO/oKwmP2FQTU2l01LP8/M5TSAJpzUaGe3uWg==}

snapshots:

  '@biomejs/biome@2.5.14':
    optionalDependencies:
      '@biomejs/cli-darwin-arm64': 2.5.14
      '@biomejs/cli-darwin-x64': 2.5.14
      '@biomejs/cli-linux-arm64': 2.5.14
      '@biomejs/cli-linux-arm64-musl': 2.5.14
      '@biomejs/cli-linux-x64': 2.5.14
      '@biomejs/cli-linux-x64-musl': 2.5.14
      '@biomejs/cli-win32-arm64': 2.5.14
      '@biomejs/cli-win32-x64': 2.5.14

  '@biomejs/cli-darwin-arm64@2.5.14':
    optional: true

  '@biomejs/cli-darwin-x64@2.5.14':
    optional: true

  '@biomejs/cli-linux-arm64-musl@2.5.14':
    optional: true

  '@biomejs/cli-linux-arm64@2.5.14':
    optional: true

  '@biomejs/cli-linux-x64-musl@2.5.14':
    optional: true

  '@biomejs/cli-linux-x64@2.5.14':
    optional: true

  '@biomejs/cli-win32-arm64@2.5.14':
    optional: true

  '@biomejs/cli-win32-x64@2.5.14':
    optional: true

  '@bufbuild/protobuf@2.15.0': {}

  '@emnapi/core@1.11.3':
    dependencies:
      '@emnapi/wasi-threads': 1.2.3
      tslib: 2.8.1
    optional: true

  '@emnapi/runtime@1.11.3':
    dependencies:
      tslib: 2.8.1
    optional: true

  '@emnapi/wasi-threads@1.2.3':
    dependencies:
      tslib: 2.8.1
    optional: true

  '@napi-rs/wasm-runtime@1.1.6(@emnapi/core@1.11.3)(@emnapi/runtime@1.11.3)':
    dependencies:
      '@emnapi/core': 1.11.3
      '@emnapi/runtime': 1.11.3
      '@tybys/wasm-util': 0.10.4
    optional: true

  '@parcel/watcher-android-arm64@2.6.0':
    optional: true

  '@parcel/watcher-darwin-arm64@2.6.0':
    optional: true

  '@parcel/watcher-darwin-x64@2.6.0':
    optional: true

  '@parcel/watcher-freebsd-x64@2.6.0':
    optional: true

  '@parcel/watcher-linux-arm-glibc@2.6.0':
    optional: true

  '@parcel/watcher-linux-arm-musl@2.6.0':
    optional: true

  '@parcel/watcher-linux-arm64-glibc@2.6.0':
    optional: true

  '@parcel/watcher-linux-arm64-musl@2.6.0':
    optional: true

  '@parcel/watcher-linux-x64-glibc@2.6.0':
    optional: true

  '@parcel/watcher-linux-x64-musl@2.6.0':
    optional: true

  '@parcel/watcher-win32-arm64@2.6.0':
    optional: true

  '@parcel/watcher-win32-x64@2.6.0':
    optional: true

  '@parcel/watcher@2.6.0':
    dependencies:
      detect-libc: 2.1.2
      is-glob: 4.0.3
      node-addon-api: 7.1.1
      picomatch: 4.0.7
    optionalDependencies:
      '@parcel/watcher-android-arm64': 2.6.0
      '@parcel/watcher-darwin-arm64': 2.6.0
      '@parcel/watcher-darwin-x64': 2.6.0
      '@parcel/watcher-freebsd-x64': 2.6.0
      '@parcel/watcher-linux-arm-glibc': 2.6.0
      '@parcel/watcher-linux-arm-musl': 2.6.0
      '@parcel/watcher-linux-arm64-glibc': 2.6.0
      '@parcel/watcher-linux-arm64-musl': 2.6.0
      '@parcel/watcher-linux-x64-glibc': 2.6.0
      '@parcel/watcher-linux-x64-musl': 2.6.0
      '@parcel/watcher-win32-arm64': 2.6.0
      '@parcel/watcher-win32-x64': 2.6.0
    optional: true

  '@rsbuild/core@2.2.7':
    dependencies:
      '@rspack/core': 2.2.6(@swc/helpers@0.5.23)
      '@swc/helpers': 0.5.23
    transitivePeerDependencies:
      - '@module-federation/runtime-tools'

  '@rsbuild/plugin-sass@2.0.1(@rsbuild/core@2.2.7)':
    dependencies:
      deepmerge: 4.3.1
      loader-utils: 2.0.4
      postcss: 8.5.28
      reduce-configs: 2.0.1
      sass-embedded: 1.104.1
    optionalDependencies:
      '@rsbuild/core': 2.2.7

  '@rspack/binding-darwin-arm64@2.2.6':
    optional: true

  '@rspack/binding-darwin-x64@2.2.6':
    optional: true

  '@rspack/binding-linux-arm64-gnu@2.2.6':
    optional: true

  '@rspack/binding-linux-arm64-musl@2.2.6':
    optional: true

  '@rspack/binding-linux-ppc64-gnu@2.2.6':
    optional: true

  '@rspack/binding-linux-riscv64-gnu@2.2.6':
    optional: true

  '@rspack/binding-linux-riscv64-musl@2.2.6':
    optional: true

  '@rspack/binding-linux-s390x-gnu@2.2.6':
    optional: true

  '@rspack/binding-linux-x64-gnu@2.2.6':
    optional: true

  '@rspack/binding-linux-x64-musl@2.2.6':
    optional: true

  '@rspack/binding-wasm32-wasi@2.2.6':
    dependencies:
      '@emnapi/core': 1.11.3
      '@emnapi/runtime': 1.11.3
      '@napi-rs/wasm-runtime': 1.1.6(@emnapi/core@1.11.3)(@emnapi/runtime@1.11.3)
    optional: true

  '@rspack/binding-win32-arm64-msvc@2.2.6':
    optional: true

  '@rspack/binding-win32-ia32-msvc@2.2.6':
    optional: true

  '@rspack/binding-win32-x64-msvc@2.2.6':
    optional: true

  '@rspack/binding@2.2.6':
    optionalDependencies:
      '@rspack/binding-darwin-arm64': 2.2.6
      '@rspack/binding-darwin-x64': 2.2.6
      '@rspack/binding-linux-arm64-gnu': 2.2.6
      '@rspack/binding-linux-arm64-musl': 2.2.6
      '@rspack/binding-linux-ppc64-gnu': 2.2.6
      '@rspack/binding-linux-riscv64-gnu': 2.2.6
      '@rspack/binding-linux-riscv64-musl': 2.2.6
      '@rspack/binding-linux-s390x-gnu': 2.2.6
      '@rspack/binding-linux-x64-gnu': 2.2.6
      '@rspack/binding-linux-x64-musl': 2.2.6
      '@rspack/binding-wasm32-wasi': 2.2.6
      '@rspack/binding-win32-arm64-msvc': 2.2.6
      '@rspack/binding-win32-ia32-msvc': 2.2.6
      '@rspack/binding-win32-x64-msvc': 2.2.6

  '@rspack/core@2.2.6(@swc/helpers@0.5.23)':
    dependencies:
      '@rspack/binding': 2.2.6
    optionalDependencies:
      '@swc/helpers': 0.5.23

  '@sableclient/twemoji-font@1.0.4': {}

  '@swc/helpers@0.5.23':
    dependencies:
      tslib: 2.8.1

  '@tybys/wasm-util@0.10.4':
    dependencies:
      tslib: 2.8.1
    optional: true

  big.js@5.2.2: {}

  chokidar@5.0.0:
    dependencies:
      readdirp: 5.1.1
    optional: true

  colorjs.io@0.7.1: {}

  deepmerge@4.3.1: {}

  detect-libc@2.1.2:
    optional: true

  emojis-list@3.0.0: {}

  has-flag@4.0.0: {}

  immutable@5.1.9: {}

  is-extglob@2.1.1:
    optional: true

  is-glob@4.0.3:
    dependencies:
      is-extglob: 2.1.1
    optional: true

  json5@2.2.3: {}

  loader-utils@2.0.4:
    dependencies:
      big.js: 5.2.2
      emojis-list: 3.0.0
      json5: 2.2.3

  nanoid@3.3.19: {}

  node-addon-api@7.1.1:
    optional: true

  picocolors@1.1.1: {}

  picomatch@4.0.7:
    optional: true

  postcss@8.5.28:
    dependencies:
      nanoid: 3.3.19
      picocolors: 1.1.1
      source-map-js: 1.2.1

  readdirp@5.1.1:
    optional: true

  reduce-configs@2.0.1: {}

  rxjs@7.8.2:
    dependencies:
      tslib: 2.8.1

  sass-embedded-all-unknown@1.104.1:
    dependencies:
      sass: 1.104.1
    optional: true

  sass-embedded-android-arm64@1.104.1:
    optional: true

  sass-embedded-android-arm@1.104.1:
    optional: true

  sass-embedded-android-riscv64@1.104.1:
    optional: true

  sass-embedded-android-x64@1.104.1:
    optional: true

  sass-embedded-darwin-arm64@1.104.1:
    optional: true

  sass-embedded-darwin-x64@1.104.1:
    optional: true

  sass-embedded-linux-arm64@1.104.1:
    optional: true

  sass-embedded-linux-arm@1.104.1:
    optional: true

  sass-embedded-linux-musl-arm64@1.104.1:
    optional: true

  sass-embedded-linux-musl-arm@1.104.1:
    optional: true

  sass-embedded-linux-musl-riscv64@1.104.1:
    optional: true

  sass-embedded-linux-musl-x64@1.104.1:
    optional: true

  sass-embedded-linux-riscv64@1.104.1:
    optional: true

  sass-embedded-linux-x64@1.104.1:
    optional: true

  sass-embedded-unknown-all@1.104.1:
    dependencies:
      sass: 1.104.1
    optional: true

  sass-embedded-win32-arm64@1.104.1:
    optional: true

  sass-embedded-win32-x64@1.104.1:
    optional: true

  sass-embedded@1.104.1:
    dependencies:
      '@bufbuild/protobuf': 2.15.0
      colorjs.io: 0.7.1
      immutable: 5.1.9
      rxjs: 7.8.2
      supports-color: 8.1.1
      sync-child-process: 1.0.2
      varint: 6.0.0
    optionalDependencies:
      sass-embedded-all-unknown: 1.104.1
      sass-embedded-android-arm: 1.104.1
      sass-embedded-android-arm64: 1.104.1
      sass-embedded-android-riscv64: 1.104.1
      sass-embedded-android-x64: 1.104.1
      sass-embedded-darwin-arm64: 1.104.1
      sass-embedded-darwin-x64: 1.104.1
      sass-embedded-linux-arm: 1.104.1
      sass-embedded-linux-arm64: 1.104.1
      sass-embedded-linux-musl-arm: 1.104.1
      sass-embedded-linux-musl-arm64: 1.104.1
      sass-embedded-linux-musl-riscv64: 1.104.1
      sass-embedded-linux-musl-x64: 1.104.1
      sass-embedded-linux-riscv64: 1.104.1
      sass-embedded-linux-x64: 1.104.1
      sass-embedded-unknown-all: 1.104.1
      sass-embedded-win32-arm64: 1.104.1
      sass-embedded-win32-x64: 1.104.1

  sass@1.104.1:
    dependencies:
      chokidar: 5.0.0
      immutable: 5.1.9
      source-map-js: 1.2.1
    optionalDependencies:
      '@parcel/watcher': 2.6.0
    optional: true

  source-map-js@1.2.1: {}

  supports-color@8.1.1:
    dependencies:
      has-flag: 4.0.0

  sync-child-process@1.0.2:
    dependencies:
      sync-message-port: 1.2.0

  sync-message-port@1.2.0: {}

  tslib@2.8.1: {}

  varint@6.0.0: {}
