lockfileVersion: '9.0'

settings:
  autoInstallPeers: true
  excludeLinksFromLockfile: false

importers:

  .:
    dependencies:
      '@sableclient/twemoji-font':
        specifier: ^1.0.4
        version: 1.0.4
    devDependencies:
      '@biomejs/biome':
        specifier: 2.5.13
        version: 2.5.13
      '@rsbuild/core':
        specifier: ^2.2.5
        version: 2.2.5
      '@rsbuild/plugin-sass':
        specifier: ^2.0.1
        version: 2.0.1(@rsbuild/core@2.2.5)

packages:

  '@biomejs/biome@2.5.13':
    resolution: {integrity: sha512-+SEC/mFk1a+5mvUANZgbZTaiZXs1nj4iMhL/PHiqDT5TPUEPFIlliEtkKKZB4N862yylHC3UI+/Sj2I0HJEqhA==}
    engines: {node: '>=14.21.3'}
    hasBin: true

  '@biomejs/cli-darwin-arm64@2.5.13':
    resolution: {integrity: sha512-nYSuDJ6zgVqZUkAkJkvhXxsF2PYIrUk/g638K4voCXz7foI9f7b6C2/7+oAihsHQlivZNMUrm/y8ywlcHQtZOw==}
    engines: {node: '>=14.21.3'}
    cpu: [arm64]
    os: [darwin]

  '@biomejs/cli-darwin-x64@2.5.13':
    resolution: {integrity: sha512-KVy1ceEDuJ3AzFxjT9kkxbVy+UANw1pjEMUS6lvKfxjJ+fmkRvc7sQn1Xo6ETgseEI7wUQoV03KSga3XfE8YRQ==}
    engines: {node: '>=14.21.3'}
    cpu: [x64]
    os: [darwin]

  '@biomejs/cli-linux-arm64-musl@2.5.13':
    resolution: {integrity: sha512-CH32xpep3dNS5EVJpAHlYchkBYznxyVZQrx0b6YYYlPL9u9ZeD2NtqiK/6s64+HFS2a7hGnryLlqqZAOh8ax5g==}
    engines: {node: '>=14.21.3'}
    cpu: [arm64]
    os: [linux]
    libc: [musl]

  '@biomejs/cli-linux-arm64@2.5.13':
    resolution: {integrity: sha512-VlNMtoxOqs0dUR6drxxHr18SNUvI7xxAuHZlH4s/dstYSf3g6RaqVgo8JRnhcOhKz9afWrvtJTboNG1JuYlIDQ==}
    engines: {node: '>=14.21.3'}
    cpu: [arm64]
    os: [linux]
    libc: [glibc]

  '@biomejs/cli-linux-x64-musl@2.5.13':
    resolution: {integrity: sha512-F3pmwl+VHoUuVJN/tbNLKeLt0SVK3EIyN1jXlMcNyQGYRQQTVqXF+GgkP0/CjGXFN87e/mv0sBfUnWqWza5PKQ==}
    engines: {node: '>=14.21.3'}
    cpu: [x64]
    os: [linux]
    libc: [musl]

  '@biomejs/cli-linux-x64@2.5.13':
    resolution: {integrity: sha512-Fi6gIxbUaJ3ZCIXeG3ggIBPF76O2DjDN67WrPX/ODRv54GeXPm2gbEPC96Yb0yrJoiH0Eax1JLx1Pi0XbsNFZQ==}
    engines: {node: '>=14.21.3'}
    cpu: [x64]
    os: [linux]
    libc: [glibc]

  '@biomejs/cli-win32-arm64@2.5.13':
    resolution: {integrity: sha512-+WD13qshXrr0Icv4BfsAdzm8Fs3TL+nZ59zEQxsYNd8lcgZJ0A5+OrlwsL1PipVCmWeRpxgIPD6DAcEd7smkCQ==}
    engines: {node: '>=14.21.3'}
    cpu: [arm64]
    os: [win32]

  '@biomejs/cli-win32-x64@2.5.13':
    resolution: {integrity: sha512-VOofU/nW761XWzUeUNE8zzYNyPrxuMuNFMizL0qz7J75yeV8N7WFheUlk1/K6dOkaFpH9wJ+lDKlwjAbw0346w==}
    engines: {node: '>=14.21.3'}
    cpu: [x64]
    os: [win32]

  '@bufbuild/protobuf@2.14.1':
    resolution: {integrity: sha512-agRJn3+EJDUe8AvxTx/LnHA/GErvLE62pSaSk7+MwFOtOv8eWBu/qCq2qoZjBjVZ3C2aiFJCveuSs17KMkYGOw==}

  '@emnapi/core@1.11.3':
    resolution: {integrity: sha512-zLpS5asjEb7lq8jYLq37N6XKaE41DIexlY1rF/z4/tIl3wo13Sqm28fRyfIsKZD+NZ8mM5RoKkpW/rBcuoSZSg==}

  '@emnapi/runtime@1.11.3':
    resolution: {integrity: sha512-Xz4Tpyki7XyrpbUK1jR1AhdAdaXyhhY4lZ3neLodmhpuWfy2PAQN5B46sAiU4liOXGLkHypn/qU+jvfWSCYYLA==}

  '@emnapi/wasi-threads@1.2.3':
    resolution: {integrity: sha512-ELEBe8PsLvvJ6QMr0zLt8ffvOHW/dc1m3CEzNMg7aJUv3bMaoDtw2TXyDAwkYBuroxxuHEwhRTLJSe5sya547g==}

  '@napi-rs/wasm-runtime@1.1.6':
    resolution: {integrity: sha512-ZLv/JdUfkvOy9eCnnBaGfiO+XimbjebAeO+MRQqD/B+FR1tnRN0tpKSJHRbE8sFfS6aqsXZ67TQjfwfsxULVbg==}
    peerDependencies:
      '@emnapi/core': ^1.7.1
      '@emnapi/runtime': ^1.7.1

  '@parcel/watcher-android-arm64@2.6.0':
    resolution: {integrity: sha512-trgpLSCKRC/huFjXX/Smh+0sWe4+YtKfktIToiMl59ghz7z+qkH6kMvNnUbLyRs9N11t8l4svSCs1+5B3rOAhA==}
    engines: {node: '>= 10.0.0'}
    cpu: [arm64]
    os: [android]

  '@parcel/watcher-darwin-arm64@2.6.0':
    resolution: {integrity: sha512-Y3QV0gl7Q1zbfueunkWIERICbEojQFCgpyG7YqOGNFLsckXyI1xu9mAIUpKY9QBYzBtSkN8dBPwd3yiAO9ovMw==}
    engines: {node: '>= 10.0.0'}
    cpu: [arm64]
    os: [darwin]

  '@parcel/watcher-darwin-x64@2.6.0':
    resolution: {integrity: sha512-Ohv6OpzhUfKYD7Beb8kDvG0jbIxORCYY1JRdZnaBtnjjkJxgD7ZVL0nw2sCYd0yTMKTvz3nnTnOF3cDifK+kvw==}
    engines: {node: '>= 10.0.0'}
    cpu: [x64]
    os: [darwin]

  '@parcel/watcher-freebsd-x64@2.6.0':
    resolution: {integrity: sha512-5HmXvDgs8VK+74jF9y9/2FE3/OnlcKmc56tjmSrEuZjpSZOGL+fvAu+HKJBdPs9uwoP2hE6TlSUpXZ/C5jUFmQ==}
    engines: {node: '>= 10.0.0'}
    cpu: [x64]
    os: [freebsd]

  '@parcel/watcher-linux-arm-glibc@2.6.0':
    resolution: {integrity: sha512-Ps/hui3A+vMbjdqlqAowK2ZL8+BO8dBjxeWXj6npTBs3jx4wWmbPpaLuqwrQrSqIVMCnpWo238bJ1U37GhQOYg==}
    engines: {node: '>= 10.0.0'}
    cpu: [arm]
    os: [linux]
    libc: [glibc]

  '@parcel/watcher-linux-arm-musl@2.6.0':
    resolution: {integrity: sha512-9c6AUHgHoG+IY88MRIHupztQiQnrbqHYQjkM2btA+Bf/wQnQMuiD0Wfk1EVv3TlNT3x41uU71rn6E4xh/+zvkw==}
    engines: {node: '>= 10.0.0'}
    cpu: [arm]
    os: [linux]
    libc: [musl]

  '@parcel/watcher-linux-arm64-glibc@2.6.0':
    resolution: {integrity: sha512-yHRqS2owEXe6Hic9z6Mh1ECsCd+ODVOGvZDyciqRd21+v+o+DnXMOrw50DSpIG2sb8GPEaPPmfeCAWKPJdq46g==}
    engines: {node: '>= 10.0.0'}
    cpu: [arm64]
    os: [linux]
    libc: [glibc]

  '@parcel/watcher-linux-arm64-musl@2.6.0':
    resolution: {integrity: sha512-WhB2e/V7rqdHHWZusBSPuy5Ei8S6lSz6FE5TKKQz5h3a0O+C+mhY7vxU9b/stqvMb8beLnPY82ZrFTLKs+SrKA==}
    engines: {node: '>= 10.0.0'}
    cpu: [arm64]
    os: [linux]
    libc: [musl]

  '@parcel/watcher-linux-x64-glibc@2.6.0':
    resolution: {integrity: sha512-ulGE6x6Oz6iAwg75T8YQSoguBWasniIbX+QWpaYPcCnDOpdWX3k+4xbEYPZVLxOuoJI+svJJPD3sEj8G7lrQ3A==}
    engines: {node: '>= 10.0.0'}
    cpu: [x64]
    os: [linux]
    libc: [glibc]

  '@parcel/watcher-linux-x64-musl@2.6.0':
    resolution: {integrity: sha512-tkBYKt7YQrjIJWYDnto2YgO8MRkjlMTSNoRHzsXinBqbLdeOM3L32wPZJvIZxqaLMfSlS/4sUjH/6STVP/XDLw==}
    engines: {node: '>= 10.0.0'}
    cpu: [x64]
    os: [linux]
    libc: [musl]

  '@parcel/watcher-win32-arm64@2.6.0':
    resolution: {integrity: sha512-gIZAP23jaHjGWasY/TY6yL7NHFClf0Ga7FN+iINvk+KN94rhm94lYZhFsbYFNcA04/onvGD9kKmiJLJB2HbNwQ==}
    engines: {node: '>= 10.0.0'}
    cpu: [arm64]
    os: [win32]

  '@parcel/watcher-win32-x64@2.6.0':
    resolution: {integrity: sha512-cA+/pXV2YkfxlIcXOQ5fSWqAzzPyD78/x5qbK/I0vUkrlYHA8TIz+MXjAbGouguKVSI4bOmkTSJ1/poVSsgt+A==}
    engines: {node: '>= 10.0.0'}
    cpu: [x64]
    os: [win32]

  '@parcel/watcher@2.6.0':
    resolution: {integrity: sha512-7FNeNl8NCE7aINx7WXiKQrPYZWC/hvrTsmk6zmxbI7LTXE7hVek/n8AfVgpe2y82zl3w0HvCHN0bVKMBoJcC0w==}
    engines: {node: '>= 10.0.0'}

  '@rsbuild/core@2.2.5':
    resolution: {integrity: sha512-nf34ri1iZduYhHUr5Vc79L7Eml+IlN0nFIaF/g3OW4WR/gShxuf5wVXS69/H8FTHJYN4SdYlNcefSZQluEMKgA==}
    engines: {node: ^20.19.0 || >=22.12.0}
    hasBin: true
    peerDependencies:
      core-js: '>= 3.0.0'
    peerDependenciesMeta:
      core-js:
        optional: true

  '@rsbuild/plugin-sass@2.0.1':
    resolution: {integrity: sha512-BZRpVTZW+za+sv84nYYdIjR7XwVqyS8+1wAha/7BvQ1igdzlmT6xPd6h4jTWfNzdHuzIHZsuWY7kPS/ybzcndA==}
    peerDependencies:
      '@rsbuild/core': ^2.0.0
    peerDependenciesMeta:
      '@rsbuild/core':
        optional: true

  '@rspack/binding-darwin-arm64@2.2.3':
    resolution: {integrity: sha512-MGLx4lMTY6XEtJi55S+fk83+683GeUDuoqzjixbq6ehHdr/l6nGiHhgvMtV5DYt9sCytUDzyrCkcJ0AWqJxnTA==}
    cpu: [arm64]
    os: [darwin]

  '@rspack/binding-darwin-x64@2.2.3':
    resolution: {integrity: sha512-5B/c1YTYEz9m7TyqtGQgTmXMr9PoPewyqsyHB4N0AB7nxDhtgmki0GniP2Lqtx3LJzOvQMjwet+I2lmWxvxwCg==}
    cpu: [x64]
    os: [darwin]

  '@rspack/binding-linux-arm64-gnu@2.2.3':
    resolution: {integrity: sha512-sU+jPGD2xz3BxFvsdBQVGce538YHqrSKMB4ZSfKhj6RSKjeGzpJ1BVl8+IndiQsfTgaUxi7N+r5cs/ezGy1TVQ==}
    cpu: [arm64]
    os: [linux]
    libc: [glibc]

  '@rspack/binding-linux-arm64-musl@2.2.3':
    resolution: {integrity: sha512-EQuADbqWbVgNAh5ep/u/B7Z/8UUkZjMLzHAOKZJklBpe4Y8mnhFNjieX0xc9NadR+drj9tqmEANxzTOkFtVPyQ==}
    cpu: [arm64]
    os: [linux]
    libc: [musl]

  '@rspack/binding-linux-ppc64-gnu@2.2.3':
    resolution: {integrity: sha512-kyXROzr519a5juBII9ysuc5ZD2apEZ0DJqL5PPCAOVHjzMfThEIBwnX3gicNCmp+kY0CCIOl2LagwbtFaOzoiA==}
    cpu: [ppc64]
    os: [linux]
    libc: [glibc]

  '@rspack/binding-linux-riscv64-gnu@2.2.3':
    resolution: {integrity: sha512-F3x6Nu0RUSoLtiaMse3hYQ3Nf5A2de6vTWWDXj14Ll6BpGWXGn+U/eXT/nB199fFnDEYf+CJEa7d6fzcYdwdjA==}
    cpu: [riscv64]
    os: [linux]
    libc: [glibc]

  '@rspack/binding-linux-riscv64-musl@2.2.3':
    resolution: {integrity: sha512-O3HK7OnPvoBxZu4MX2j+t3gk4qiUsFYqj/29L3WgU1iQsdUSIN6PInW2JvbiLqyuzt09VltIEXTKayY8EysCpQ==}
    cpu: [riscv64]
    os: [linux]
    libc: [musl]

  '@rspack/binding-linux-s390x-gnu@2.2.3':
    resolution: {integrity: sha512-SIxfGdwBdAjwJ8pDlPTb8MPIZIv/i2lKHn4/ywuDpFOxlUA4Bo/OKqQOenHx2MFD2mN8jigBZQTF0KVe5YP1uQ==}
    cpu: [s390x]
    os: [linux]
    libc: [glibc]

  '@rspack/binding-linux-x64-gnu@2.2.3':
    resolution: {integrity: sha512-IzQGcw09WYn/IzwB1SQpg7FQ211MBr+fJB2/WoRrPS6CNdtlkDHZaI8z2oq+2Oc5Su21jgX75VlWFajirUx5Dw==}
    cpu: [x64]
    os: [linux]
    libc: [glibc]

  '@rspack/binding-linux-x64-musl@2.2.3':
    resolution: {integrity: sha512-9OKSx2ickrR+PFal94XE6Hkj49AQ2HI3KuR9XeRkKOwSxjwrskV/Pn1wc2itDOHkm/QHP7k+MttsYb4FGuNIqw==}
    cpu: [x64]
    os: [linux]
    libc: [musl]

  '@rspack/binding-wasm32-wasi@2.2.3':
    resolution: {integrity: sha512-gici3jWJi0GDy9kbYh57LoA57H8A2EAD9cV2jFKp1YoJ2aX2U9lANh4L+xoKPTvVQYpRvleoA5jkAvyfeLQ5bw==}
    cpu: [wasm32]

  '@rspack/binding-win32-arm64-msvc@2.2.3':
    resolution: {integrity: sha512-1MG66kcuqAGFs9ewiBc+/NJSTQr1jHrkZ2nCVMyhukl1o8embmFZa3BCibYgBYs5P7FRc6Sa+CDXcrfDZOLInQ==}
    cpu: [arm64]
    os: [win32]

  '@rspack/binding-win32-ia32-msvc@2.2.3':
    resolution: {integrity: sha512-CAigxxh9DYJmEwH9f6FRkSsmt0GhKVqKaFRVFFrF9WDL7gXP3hyE/h/cCeMdmlTzRt8Mht87AvnDX7PG3neMrA==}
    cpu: [ia32]
    os: [win32]

  '@rspack/binding-win32-x64-msvc@2.2.3':
    resolution: {integrity: sha512-qa5Wc34a+Uux5foZ1Z+9fPQceVRbgTunaIulHezVF/ZxvqKO4DkAC7tFl53shB0YRVBAPg8R78MGd8cByfoxLQ==}
    cpu: [x64]
    os: [win32]

  '@rspack/binding@2.2.3':
    resolution: {integrity: sha512-532+T5N6yIdukChiL85H4NFN2vn9oi8wlLa1ByPNtpNYriE9s24fUhn0RiK7w/xACqnNpYmXCqLYCvjOzyCy+w==}

  '@rspack/core@2.2.3':
    resolution: {integrity: sha512-VHejw+PDd5B5v6VduFyjLSTIFaHBMNGPMKw+Y0zjkMqjYhDD1hjLOBC5frRKjTWcfYdk+Q73auWPp9k/H9PfIQ==}
    engines: {node: ^20.19.0 || >=22.12.0}
    peerDependencies:
      '@module-federation/runtime-tools': ^0.24.1 || ^2.0.0
      '@swc/helpers': ^0.5.23
    peerDependenciesMeta:
      '@module-federation/runtime-tools':
        optional: true
      '@swc/helpers':
        optional: true

  '@sableclient/twemoji-font@1.0.4':
    resolution: {integrity: sha512-LzvQB/VZtv5KEq1VYq2azr7v7cYT8oklOVRGkAN2RNwa3sF0XcnqM3lBHSYRFXQleGLSUgs3gA0slbwkD2+sJw==}

  '@swc/helpers@0.5.23':
    resolution: {integrity: sha512-5lSsMOTXURePglDfvuAQUqkGek9Hg2kksOYay2m0+XR++b2NWYL/4sWyuvVBIs8oKnJaxkdi9whaL/sqN13afw==}

  '@tybys/wasm-util@0.10.3':
    resolution: {integrity: sha512-F3fo1MYrRJYL3zER0OUOmkutjr1Vp23m7OsSgp7nq4SP6OqX6C/56XFIPAl5bt3zaBRjmW7SGz3u/6LwFpYcOg==}

  big.js@5.2.2:
    resolution: {integrity: sha512-vyL2OymJxmarO8gxMr0mhChsO9QGwhynfuu4+MHTAW6czfq9humCB7rKpUjDd9YUiDPU4mzpyupFSvOClAwbmQ==}

  chokidar@5.0.0:
    resolution: {integrity: sha512-TQMmc3w+5AxjpL8iIiwebF73dRDF4fBIieAqGn9RGCWaEVwQ6Fb2cGe31Yns0RRIzii5goJ1Y7xbMwo1TxMplw==}
    engines: {node: '>= 20.19.0'}

  colorjs.io@0.7.1:
    resolution: {integrity: sha512-LY7OHnJZxHwT5UlzNa9bbhHHDbzB6yE5+3MIPwJEQKRvSCt/T4G7epsj+9j2BExUIIfXFIJGsIXUKdfrK9Q5tA==}

  deepmerge@4.3.1:
    resolution: {integrity: sha512-3sUqbMEc77XqpdNO7FRyRog+eW3ph+GYCbj+rK+uYyRMuwsVy0rMiVtPn+QJlKFvWP/1PYpapqYn0Me2knFn+A==}
    engines: {node: '>=0.10.0'}

  detect-libc@2.1.2:
    resolution: {integrity: sha512-Btj2BOOO83o3WyH59e8MgXsxEQVcarkUOpEYrubB0urwnN10yQ364rsiByU11nZlqWYZm05i/of7io4mzihBtQ==}
    engines: {node: '>=8'}

  emojis-list@3.0.0:
    resolution: {integrity: sha512-/kyM18EfinwXZbno9FyUGeFh87KC8HRQBQGildHZbEuRyWFOmv1U10o9BBp8XVZDVNNuQKyIGIu5ZYAAXJ0V2Q==}
    engines: {node: '>= 4'}

  has-flag@4.0.0:
    resolution: {integrity: sha512-EykJT/Q1KjTWctppgIAgfSO0tKVuZUjhgMr17kqTumMl6Afv3EISleU7qZUzoXDFTAHTDC4NOoG/ZxU3EvlMPQ==}
    engines: {node: '>=8'}

  immutable@5.1.9:
    resolution: {integrity: sha512-m8nVez3rwrgmWxtLMt1ZYXB2Lv7OKYn/disyxAlSDYAlKSlFoPPfIAmAM/M5xqL4m4C/wAPw7S2/CNaUii1Hxg==}

  is-extglob@2.1.1:
    resolution: {integrity: sha512-SbKbANkN603Vi4jEZv49LeVJMn4yGwsbzZworEoyEiutsN3nJYdbO36zfhGJ6QEDpOZIFkDtnq5JRxmvl3jsoQ==}
    engines: {node: '>=0.10.0'}

  is-glob@4.0.3:
    resolution: {integrity: sha512-xelSayHH36ZgE7ZWhli7pW34hNbNl8Ojv5KVmkJD4hBdD3th8Tfk9vYasLM+mXWOZhFkgZfxhLSnrwRr4elSSg==}
    engines: {node: '>=0.10.0'}

  json5@2.2.3:
    resolution: {integrity: sha512-XmOWe7eyHYH14cLdVPoyg+GOH3rYX++KpzrylJwSW98t3Nk+U8XOl8FWKOgwtzdb8lXGf6zYwDUzeHMWfxasyg==}
    engines: {node: '>=6'}
    hasBin: true

  loader-utils@2.0.4:
    resolution: {integrity: sha512-xXqpXoINfFhgua9xiqD8fPFHgkoq1mmmpE92WlDbm9rNRd/EbRb+Gqf908T2DMfuHjjJlksiK2RbHVOdD/MqSw==}
    engines: {node: '>=8.9.0'}

  nanoid@3.3.18:
    resolution: {integrity: sha512-DTg4MJbGMWkfi6VZFdNt2/caMbQy4Ou+Op/hJQvGEWcnVfoA1QA+xzRKAzw9jD6+GVOOeYr/mIcuDSdug6F6+w==}
    engines: {node: ^10 || ^12 || ^13.7 || ^14 || >=15.0.1}
    hasBin: true

  node-addon-api@7.1.1:
    resolution: {integrity: sha512-5m3bsyrjFWE1xf7nz7YXdN4udnVtXK6/Yfgn5qnahL6bCkf2yKt4k3nuTKAtT4r3IG8JNR2ncsIMdZuAzJjHQQ==}

  picocolors@1.1.1:
    resolution: {integrity: sha512-xceH2snhtb5M9liqDsmEw56le376mTZkEX/jEb/RxNFyegNul7eNslCXP9FDj/Lcu0X8KEyMceP2ntpaHrDEVA==}

  picomatch@4.0.7:
    resolution: {integrity: sha512-qcJu88Q2IWqJsDD529JKMdwGm/dvInW4HvQnRwiH9JtihJvzGOscDtHE3x1pBKeUOTysQ8kVmLnJ2kJu7yhcGA==}
    engines: {node: '>=12'}

  postcss@8.5.28:
    resolution: {integrity: sha512-RRuzqDtt5Y9h3quz5hWhK+TPnsmVs6WwSU6LkJMeY4HstUEDuYTG8UJSdawMRzmzAtV+KEoG8N3Qg2qLy5vM/A==}
    engines: {node: ^10 || ^12 || >=14}

  readdirp@5.1.1:
    resolution: {integrity: sha512-Kko+Y5XQ6fM+Ce3dq3m9YGxnacYZYl9cA1wZjaF3Vbry2L3i1qVg8+CAgNPsXRArPMUMCaOR7oa9Nqntc43JKA==}
    engines: {node: '>= 20.19.0'}

  reduce-configs@2.0.1:
    resolution: {integrity: sha512-H9KTCWTEb1YM1OoOz0f6TeGZYlW82sIT1viNg3W8CjjY0pD3WI4MHs8GifKt5FKTVIfHh/DenfJqqY+FP9jF2A==}

  rxjs@7.8.2:
    resolution: {integrity: sha512-dhKf903U/PQZY6boNNtAGdWbG85WAbjT/1xYoZIC7FAY0yWapOBQVsVrDl58W86//e1VpMNBtRV4MaXfdMySFA==}

  sass-embedded-all-unknown@1.104.0:
    resolution: {integrity: sha512-+S5We++QAg0/wXeVstn4kaZQNZiHi/1FHFsuVRu6Qns/9+YH6aIExg5e8dE+ceNpnYIZUpoK3mdBJoxJhirReQ==}
    cpu: ['!arm', '!arm64', '!riscv64', '!x64']

  sass-embedded-android-arm64@1.104.0:
    resolution: {integrity: sha512-Trknl/A+KTTGRsPWrKaVIF/uq468iTqZzXWMEK/e707bqnbodYvWBBkA7uOM1wtnJQIrepeYSp/CIQJnFr95EQ==}
    engines: {node: '>=14.0.0'}
    cpu: [arm64]
    os: [android]

  sass-embedded-android-arm@1.104.0:
    resolution: {integrity: sha512-yojf6KAo4EKbXVzzy4FkYJAez+qzj6NV2inEzsQQxvNfKxfX9INtC6u8UNwSjXL40M9vzAH03lygutq9zmhTCg==}
    engines: {node: '>=14.0.0'}
    cpu: [arm]
    os: [android]

  sass-embedded-android-riscv64@1.104.0:
    resolution: {integrity: sha512-UPR1U/qsTzIikl/DAmZn/11oPrz4DrnrbWANB7WGwz3AtYvLZeixEiVj8Yo2jNy6749zPD09Pyo352io8Y2Mxw==}
    engines: {node: '>=14.0.0'}
    cpu: [riscv64]
    os: [android]

  sass-embedded-android-x64@1.104.0:
    resolution: {integrity: sha512-NebAKvwfj4a7EbOf9LAzgo4f/uO1xFJbIoebzW8bmqdjeIMSAwJvFToIizxjDuOsIJ9M6AaADxwvDxgm8JTq+w==}
    engines: {node: '>=14.0.0'}
    cpu: [x64]
    os: [android]

  sass-embedded-darwin-arm64@1.104.0:
    resolution: {integrity: sha512-DYxsoOtA90/LabvQiFs/UVo6jrPbIlIvelSC0B9fxlB051ZBpEFnWamjLV2Xncp48E63voWTYGKpLlsHsi7clg==}
    engines: {node: '>=14.0.0'}
    cpu: [arm64]
    os: [darwin]

  sass-embedded-darwin-x64@1.104.0:
    resolution: {integrity: sha512-zozGKOnR3mnlBqKhzfGH8ZqjPphaDzE5Zjx+H/IOb/ruR/KApTvYkRdi9Eq7OQvSJwL/EHYiyT2jgHaqQulOWw==}
    engines: {node: '>=14.0.0'}
    cpu: [x64]
    os: [darwin]

  sass-embedded-linux-arm64@1.104.0:
    resolution: {integrity: sha512-2TWOQodxIbwcp9fS01FCUbO2c8bnsdOgUCLB7aZDAhm6ZAkEL8GNIAyKxSMkVIjxndMqNHsG2UtCR2++03DQ+Q==}
    engines: {node: '>=14.0.0'}
    cpu: [arm64]
    os: [linux]
    libc: glibc

  sass-embedded-linux-arm@1.104.0:
    resolution: {integrity: sha512-RX4t5jBlYtGrZwpuc1mtD3lzGuat+jyPidyN5hD5DURV7q39y4IampzopVJ9fvNZqsiGElYWnKyRJA49Q4xk7w==}
    engines: {node: '>=14.0.0'}
    cpu: [arm]
    os: [linux]
    libc: glibc

  sass-embedded-linux-musl-arm64@1.104.0:
    resolution: {integrity: sha512-NPcl0Cw9QXdGzYgjtLZD9MU3Mmr+N31R+Wa+hbbmlNwg1yghbF/bWrpE96oixrQivtCsY1yh9cONl6d+9NrS6Q==}
    engines: {node: '>=14.0.0'}
    cpu: [arm64]
    os: [linux]
    libc: musl

  sass-embedded-linux-musl-arm@1.104.0:
    resolution: {integrity: sha512-KjXKRY/1TDCNbRg/Htq4puzf5etQ9eFXG83O/328Km/1x2FuQMCmD+pSFTqQrj2LskZ8if+NYZJb3CQ1wzF0Pw==}
    engines: {node: '>=14.0.0'}
    cpu: [arm]
    os: [linux]
    libc: musl

  sass-embedded-linux-musl-riscv64@1.104.0:
    resolution: {integrity: sha512-/1JR6G1AfGs/paJk5nemuJmg7pOUgwXlz/WW2NhSDRHBgZnb6Zy6yMpkSHoienAOJSBGUmKceT03dQ/4b409CA==}
    engines: {node: '>=14.0.0'}
    cpu: [riscv64]
    os: [linux]
    libc: musl

  sass-embedded-linux-musl-x64@1.104.0:
    resolution: {integrity: sha512-5wVjkPR74JdsoH9+NSKV7UCPAdMTxNoayZdu7B9PnmNkOJMRE5O8Jb2oJ3JXgSH/kcGXJ6Vl6dL8/EPLBAKkcg==}
    engines: {node: '>=14.0.0'}
    cpu: [x64]
    os: [linux]
    libc: musl

  sass-embedded-linux-riscv64@1.104.0:
    resolution: {integrity: sha512-Bq9xrONn23cyv5bdSuLm0RG1dcKl+lFQRc1k1UlncI2B2gqb6/OdakEa4Gv2HAmo+O6iOtK39lG9XT1ivTIoww==}
    engines: {node: '>=14.0.0'}
    cpu: [riscv64]
    os: [linux]
    libc: glibc

  sass-embedded-linux-x64@1.104.0:
    resolution: {integrity: sha512-xznKQzFnNVNq+GiXPmBXIHLL2rlIoekDxE8HXNKgxXX6bn4fByuHApCmj5Uz+MpVOB154EYCbErztyoEcmnb9Q==}
    engines: {node: '>=14.0.0'}
    cpu: [x64]
    os: [linux]
    libc: glibc

  sass-embedded-unknown-all@1.104.0:
    resolution: {integrity: sha512-0+zhxrAt9PIsdWEVTe5Wgo+gtYdlyv0ASuuAEXT4e9w2yNArUqZ9Gez4Jn8EmtbF7x9uuZxPWbdnq9z65gCH7g==}
    os: ['!android', '!darwin', '!linux', '!win32']

  sass-embedded-win32-arm64@1.104.0:
    resolution: {integrity: sha512-b8dKmgdgmTx0rSBLNPqLQiq4r/SDau0/3we7MG/8ULMneMSl2OoVttN2ilKSz993lqQu8FJSjx5fEjLSeXVaiA==}
    engines: {node: '>=14.0.0'}
    cpu: [arm64]
    os: [win32]

  sass-embedded-win32-x64@1.104.0:
    resolution: {integrity: sha512-tVL4NZKUo0+fIO2sT9V1DnBOo9wUbkRoic/NbVBThQdCjl07dn7PKW+ISSnY0EwQhCxdulMDek/JZT7c46vTCA==}
    engines: {node: '>=14.0.0'}
    cpu: [x64]
    os: [win32]

  sass-embedded@1.104.0:
    resolution: {integrity: sha512-AW1ZaKM/o4t137+FNe9zkMFWAZlw+EbWuHopVbP0yc0vpvlYj8NqxgKKSsSqODZVgGON2FzKeFMJJHR+tXNzqA==}
    engines: {node: '>=20.19.0'}
    hasBin: true

  sass@1.104.0:
    resolution: {integrity: sha512-btHMApW2bgolvClhRW8AlQJzgI9lUB3pPSofBQQT+E46GWvf9o0TVQ13SYv5riWZVFyPN+JNz3TKW9XhBlc10w==}
    engines: {node: '>=20.19.0'}
    hasBin: true

  source-map-js@1.2.1:
    resolution: {integrity: sha512-UXWMKhLOwVKb728IUtQPXxfYU+usdybtUrK/8uGE8CQMvrhOpwvzDBwj0QhSL7MQc7vIsISBG8VQ8+IDQxpfQA==}
    engines: {node: '>=0.10.0'}

  supports-color@8.1.1:
    resolution: {integrity: sha512-MpUEN2OodtUzxvKQl72cUF7RQ5EiHsGvSsVG0ia9c5RbWGL2CI4C7EpPS8UTBIplnlzZiNuV56w+FuNxy3ty2Q==}
    engines: {node: '>=10'}

  sync-child-process@1.0.2:
    resolution: {integrity: sha512-8lD+t2KrrScJ/7KXCSyfhT3/hRq78rC0wBFqNJXv3mZyn6hW2ypM05JmlSvtqRbeq6jqA94oHbxAr2vYsJ8vDA==}
    engines: {node: '>=16.0.0'}

  sync-message-port@1.2.0:
    resolution: {integrity: sha512-gAQ9qrUN/UCypHtGFbbe7Rc/f9bzO88IwrG8TDo/aMKAApKyD6E3W4Cm0EfhfBb6Z6SKt59tTCTfD+n1xmAvMg==}
    engines: {node: '>=16.0.0'}

  tslib@2.8.1:
    resolution: {integrity: sha512-oJFu94HQb+KVduSUQL7wnpmqnfmLsOA/nAh6b6EH0wCEoK0/mPeXU6c3wKDV83MkOuHPRHtSXKKU99IBazS/2w==}

  varint@6.0.0:
    resolution: {integrity: sha512-cXEIW6cfr15lFv563k4GuVuW/fiwjknytD37jIOLSdSWuOI6WnO/oKwmP2FQTU2l01LP8/M5TSAJpzUaGe3uWg==}

snapshots:

  '@biomejs/biome@2.5.13':
    optionalDependencies:
      '@biomejs/cli-darwin-arm64': 2.5.13
      '@biomejs/cli-darwin-x64': 2.5.13
      '@biomejs/cli-linux-arm64': 2.5.13
      '@biomejs/cli-linux-arm64-musl': 2.5.13
      '@biomejs/cli-linux-x64': 2.5.13
      '@biomejs/cli-linux-x64-musl': 2.5.13
      '@biomejs/cli-win32-arm64': 2.5.13
      '@biomejs/cli-win32-x64': 2.5.13

  '@biomejs/cli-darwin-arm64@2.5.13':
    optional: true

  '@biomejs/cli-darwin-x64@2.5.13':
    optional: true

  '@biomejs/cli-linux-arm64-musl@2.5.13':
    optional: true

  '@biomejs/cli-linux-arm64@2.5.13':
    optional: true

  '@biomejs/cli-linux-x64-musl@2.5.13':
    optional: true

  '@biomejs/cli-linux-x64@2.5.13':
    optional: true

  '@biomejs/cli-win32-arm64@2.5.13':
    optional: true

  '@biomejs/cli-win32-x64@2.5.13':
    optional: true

  '@bufbuild/protobuf@2.14.1': {}

  '@emnapi/core@1.11.3':
    dependencies:
      '@emnapi/wasi-threads': 1.2.3
      tslib: 2.8.1
    optional: true

  '@emnapi/runtime@1.11.3':
    dependencies:
      tslib: 2.8.1
    optional: true

  '@emnapi/wasi-threads@1.2.3':
    dependencies:
      tslib: 2.8.1
    optional: true

  '@napi-rs/wasm-runtime@1.1.6(@emnapi/core@1.11.3)(@emnapi/runtime@1.11.3)':
    dependencies:
      '@emnapi/core': 1.11.3
      '@emnapi/runtime': 1.11.3
      '@tybys/wasm-util': 0.10.3
    optional: true

  '@parcel/watcher-android-arm64@2.6.0':
    optional: true

  '@parcel/watcher-darwin-arm64@2.6.0':
    optional: true

  '@parcel/watcher-darwin-x64@2.6.0':
    optional: true

  '@parcel/watcher-freebsd-x64@2.6.0':
    optional: true

  '@parcel/watcher-linux-arm-glibc@2.6.0':
    optional: true

  '@parcel/watcher-linux-arm-musl@2.6.0':
    optional: true

  '@parcel/watcher-linux-arm64-glibc@2.6.0':
    optional: true

  '@parcel/watcher-linux-arm64-musl@2.6.0':
    optional: true

  '@parcel/watcher-linux-x64-glibc@2.6.0':
    optional: true

  '@parcel/watcher-linux-x64-musl@2.6.0':
    optional: true

  '@parcel/watcher-win32-arm64@2.6.0':
    optional: true

  '@parcel/watcher-win32-x64@2.6.0':
    optional: true

  '@parcel/watcher@2.6.0':
    dependencies:
      detect-libc: 2.1.2
      is-glob: 4.0.3
      node-addon-api: 7.1.1
      picomatch: 4.0.7
    optionalDependencies:
      '@parcel/watcher-android-arm64': 2.6.0
      '@parcel/watcher-darwin-arm64': 2.6.0
      '@parcel/watcher-darwin-x64': 2.6.0
      '@parcel/watcher-freebsd-x64': 2.6.0
      '@parcel/watcher-linux-arm-glibc': 2.6.0
      '@parcel/watcher-linux-arm-musl': 2.6.0
      '@parcel/watcher-linux-arm64-glibc': 2.6.0
      '@parcel/watcher-linux-arm64-musl': 2.6.0
      '@parcel/watcher-linux-x64-glibc': 2.6.0
      '@parcel/watcher-linux-x64-musl': 2.6.0
      '@parcel/watcher-win32-arm64': 2.6.0
      '@parcel/watcher-win32-x64': 2.6.0
    optional: true

  '@rsbuild/core@2.2.5':
    dependencies:
      '@rspack/core': 2.2.3(@swc/helpers@0.5.23)
      '@swc/helpers': 0.5.23
    transitivePeerDependencies:
      - '@module-federation/runtime-tools'

  '@rsbuild/plugin-sass@2.0.1(@rsbuild/core@2.2.5)':
    dependencies:
      deepmerge: 4.3.1
      loader-utils: 2.0.4
      postcss: 8.5.28
      reduce-configs: 2.0.1
      sass-embedded: 1.104.0
    optionalDependencies:
      '@rsbuild/core': 2.2.5

  '@rspack/binding-darwin-arm64@2.2.3':
    optional: true

  '@rspack/binding-darwin-x64@2.2.3':
    optional: true

  '@rspack/binding-linux-arm64-gnu@2.2.3':
    optional: true

  '@rspack/binding-linux-arm64-musl@2.2.3':
    optional: true

  '@rspack/binding-linux-ppc64-gnu@2.2.3':
    optional: true

  '@rspack/binding-linux-riscv64-gnu@2.2.3':
    optional: true

  '@rspack/binding-linux-riscv64-musl@2.2.3':
    optional: true

  '@rspack/binding-linux-s390x-gnu@2.2.3':
    optional: true

  '@rspack/binding-linux-x64-gnu@2.2.3':
    optional: true

  '@rspack/binding-linux-x64-musl@2.2.3':
    optional: true

  '@rspack/binding-wasm32-wasi@2.2.3':
    dependencies:
      '@emnapi/core': 1.11.3
      '@emnapi/runtime': 1.11.3
      '@napi-rs/wasm-runtime': 1.1.6(@emnapi/core@1.11.3)(@emnapi/runtime@1.11.3)
    optional: true

  '@rspack/binding-win32-arm64-msvc@2.2.3':
    optional: true

  '@rspack/binding-win32-ia32-msvc@2.2.3':
    optional: true

  '@rspack/binding-win32-x64-msvc@2.2.3':
    optional: true

  '@rspack/binding@2.2.3':
    optionalDependencies:
      '@rspack/binding-darwin-arm64': 2.2.3
      '@rspack/binding-darwin-x64': 2.2.3
      '@rspack/binding-linux-arm64-gnu': 2.2.3
      '@rspack/binding-linux-arm64-musl': 2.2.3
      '@rspack/binding-linux-ppc64-gnu': 2.2.3
      '@rspack/binding-linux-riscv64-gnu': 2.2.3
      '@rspack/binding-linux-riscv64-musl': 2.2.3
      '@rspack/binding-linux-s390x-gnu': 2.2.3
      '@rspack/binding-linux-x64-gnu': 2.2.3
      '@rspack/binding-linux-x64-musl': 2.2.3
      '@rspack/binding-wasm32-wasi': 2.2.3
      '@rspack/binding-win32-arm64-msvc': 2.2.3
      '@rspack/binding-win32-ia32-msvc': 2.2.3
      '@rspack/binding-win32-x64-msvc': 2.2.3

  '@rspack/core@2.2.3(@swc/helpers@0.5.23)':
    dependencies:
      '@rspack/binding': 2.2.3
    optionalDependencies:
      '@swc/helpers': 0.5.23

  '@sableclient/twemoji-font@1.0.4': {}

  '@swc/helpers@0.5.23':
    dependencies:
      tslib: 2.8.1

  '@tybys/wasm-util@0.10.3':
    dependencies:
      tslib: 2.8.1
    optional: true

  big.js@5.2.2: {}

  chokidar@5.0.0:
    dependencies:
      readdirp: 5.1.1
    optional: true

  colorjs.io@0.7.1: {}

  deepmerge@4.3.1: {}

  detect-libc@2.1.2:
    optional: true

  emojis-list@3.0.0: {}

  has-flag@4.0.0: {}

  immutable@5.1.9: {}

  is-extglob@2.1.1:
    optional: true

  is-glob@4.0.3:
    dependencies:
      is-extglob: 2.1.1
    optional: true

  json5@2.2.3: {}

  loader-utils@2.0.4:
    dependencies:
      big.js: 5.2.2
      emojis-list: 3.0.0
      json5: 2.2.3

  nanoid@3.3.18: {}

  node-addon-api@7.1.1:
    optional: true

  picocolors@1.1.1: {}

  picomatch@4.0.7:
    optional: true

  postcss@8.5.28:
    dependencies:
      nanoid: 3.3.18
      picocolors: 1.1.1
      source-map-js: 1.2.1

  readdirp@5.1.1:
    optional: true

  reduce-configs@2.0.1: {}

  rxjs@7.8.2:
    dependencies:
      tslib: 2.8.1

  sass-embedded-all-unknown@1.104.0:
    dependencies:
      sass: 1.104.0
    optional: true

  sass-embedded-android-arm64@1.104.0:
    optional: true

  sass-embedded-android-arm@1.104.0:
    optional: true

  sass-embedded-android-riscv64@1.104.0:
    optional: true

  sass-embedded-android-x64@1.104.0:
    optional: true

  sass-embedded-darwin-arm64@1.104.0:
    optional: true

  sass-embedded-darwin-x64@1.104.0:
    optional: true

  sass-embedded-linux-arm64@1.104.0:
    optional: true

  sass-embedded-linux-arm@1.104.0:
    optional: true

  sass-embedded-linux-musl-arm64@1.104.0:
    optional: true

  sass-embedded-linux-musl-arm@1.104.0:
    optional: true

  sass-embedded-linux-musl-riscv64@1.104.0:
    optional: true

  sass-embedded-linux-musl-x64@1.104.0:
    optional: true

  sass-embedded-linux-riscv64@1.104.0:
    optional: true

  sass-embedded-linux-x64@1.104.0:
    optional: true

  sass-embedded-unknown-all@1.104.0:
    dependencies:
      sass: 1.104.0
    optional: true

  sass-embedded-win32-arm64@1.104.0:
    optional: true

  sass-embedded-win32-x64@1.104.0:
    optional: true

  sass-embedded@1.104.0:
    dependencies:
      '@bufbuild/protobuf': 2.14.1
      colorjs.io: 0.7.1
      immutable: 5.1.9
      rxjs: 7.8.2
      supports-color: 8.1.1
      sync-child-process: 1.0.2
      varint: 6.0.0
    optionalDependencies:
      sass-embedded-all-unknown: 1.104.0
      sass-embedded-android-arm: 1.104.0
      sass-embedded-android-arm64: 1.104.0
      sass-embedded-android-riscv64: 1.104.0
      sass-embedded-android-x64: 1.104.0
      sass-embedded-darwin-arm64: 1.104.0
      sass-embedded-darwin-x64: 1.104.0
      sass-embedded-linux-arm: 1.104.0
      sass-embedded-linux-arm64: 1.104.0
      sass-embedded-linux-musl-arm: 1.104.0
      sass-embedded-linux-musl-arm64: 1.104.0
      sass-embedded-linux-musl-riscv64: 1.104.0
      sass-embedded-linux-musl-x64: 1.104.0
      sass-embedded-linux-riscv64: 1.104.0
      sass-embedded-linux-x64: 1.104.0
      sass-embedded-unknown-all: 1.104.0
      sass-embedded-win32-arm64: 1.104.0
      sass-embedded-win32-x64: 1.104.0

  sass@1.104.0:
    dependencies:
      chokidar: 5.0.0
      immutable: 5.1.9
      source-map-js: 1.2.1
    optionalDependencies:
      '@parcel/watcher': 2.6.0
    optional: true

  source-map-js@1.2.1: {}

  supports-color@8.1.1:
    dependencies:
      has-flag: 4.0.0

  sync-child-process@1.0.2:
    dependencies:
      sync-message-port: 1.2.0

  sync-message-port@1.2.0: {}

  tslib@2.8.1: {}

  varint@6.0.0: {}
